// !$*UTF8*$!
{
	archiveVersion = 1;
	classes = {
	};
	objectVersion = 56;
	objects = {

/* Begin PBXBuildFile section */
		012B0E112A0BFFE10048B8F4 /* RegisterRaceModel.swift in Sources */ = {isa = PBXBuildFile; fileRef = 012B0E102A0BFFE10048B8F4 /* RegisterRaceModel.swift */; };
		01936DD62A05973100780FB3 /* WARViewController.swift in Sources */ = {isa = PBXBuildFile; fileRef = 01936DD52A05973100780FB3 /* WARViewController.swift */; };
		01936DDB2A05B11200780FB3 /* ChosenWarTypeViewController.swift in Sources */ = {isa = PBXBuildFile; fileRef = 01936DDA2A05B11200780FB3 /* ChosenWarTypeViewController.swift */; };
		01936DDD2A05B18900780FB3 /* ChosenWarModel.swift in Sources */ = {isa = PBXBuildFile; fileRef = 01936DDC2A05B18900780FB3 /* ChosenWarModel.swift */; };
		88000EA529E555B7008F640F /* ItemListAllModel.swift in Sources */ = {isa = PBXBuildFile; fileRef = 88000EA429E555B7008F640F /* ItemListAllModel.swift */; };
		88000EA729E557D1008F640F /* ItemListAllTableViewCell.swift in Sources */ = {isa = PBXBuildFile; fileRef = 88000EA629E557D1008F640F /* ItemListAllTableViewCell.swift */; };
		88000EAA29E56853008F640F /* itemListAllViewController.swift in Sources */ = {isa = PBXBuildFile; fileRef = 88000EA929E56853008F640F /* itemListAllViewController.swift */; };
		880C567729DEF56400B3BB07 /* InventoryCollectionViewCell.swift in Sources */ = {isa = PBXBuildFile; fileRef = 880C567629DEF56400B3BB07 /* InventoryCollectionViewCell.swift */; };
		881513C429E46EB9001CD5CE /* Mission.storyboard in Resources */ = {isa = PBXBuildFile; fileRef = 881513C329E46EB9001CD5CE /* Mission.storyboard */; };
		881F3A8B29DDEDB3005579CE /* ProfileSettViewController.swift in Sources */ = {isa = PBXBuildFile; fileRef = 881F3A8A29DDEDB3005579CE /* ProfileSettViewController.swift */; };
		88525AC129E485F0001CFBBE /* NightMissionViewController.swift in Sources */ = {isa = PBXBuildFile; fileRef = 88525AC029E485F0001CFBBE /* NightMissionViewController.swift */; };
		88525AC329E48DBA001CFBBE /* NightMissionCaseViewController.swift in Sources */ = {isa = PBXBuildFile; fileRef = 88525AC229E48DBA001CFBBE /* NightMissionCaseViewController.swift */; };
		8853CE1529DE3F1400A3EE09 /* EnvanterViewController.swift in Sources */ = {isa = PBXBuildFile; fileRef = 8853CE1429DE3F1400A3EE09 /* EnvanterViewController.swift */; };
		8873B36C29E2D1D900F4FB89 /* PaperOnboarding in Frameworks */ = {isa = PBXBuildFile; productRef = 8873B36B29E2D1D900F4FB89 /* PaperOnboarding */; };
		8873B36F29E2D20700F4FB89 /* PaperViewController.swift in Sources */ = {isa = PBXBuildFile; fileRef = 8873B36E29E2D20700F4FB89 /* PaperViewController.swift */; };
		8873B37129E2D20F00F4FB89 /* Paper.storyboard in Resources */ = {isa = PBXBuildFile; fileRef = 8873B37029E2D20F00F4FB89 /* Paper.storyboard */; };
		8873B37529E2D4BB00F4FB89 /* myOnBoardign.swift in Sources */ = {isa = PBXBuildFile; fileRef = 8873B37429E2D4BB00F4FB89 /* myOnBoardign.swift */; };
		887EC81D29E756980097D386 /* HUNTERRegisterViewController.swift in Sources */ = {isa = PBXBuildFile; fileRef = 887EC81C29E756980097D386 /* HUNTERRegisterViewController.swift */; };
		887EC81F29E75CA30097D386 /* WEREWOLFRegisterViewController.swift in Sources */ = {isa = PBXBuildFile; fileRef = 887EC81E29E75CA30097D386 /* WEREWOLFRegisterViewController.swift */; };
		887EC82129E75CB60097D386 /* VAMPIRERegisterViewController.swift in Sources */ = {isa = PBXBuildFile; fileRef = 887EC82029E75CB60097D386 /* VAMPIRERegisterViewController.swift */; };
		887EC82329E75CC90097D386 /* WITCHRegisterViewController.swift in Sources */ = {isa = PBXBuildFile; fileRef = 887EC82229E75CC90097D386 /* WITCHRegisterViewController.swift */; };
		889A838429D729B8005A1C6C /* ALLItem.storyboard in Resources */ = {isa = PBXBuildFile; fileRef = 889A838329D729B8005A1C6C /* ALLItem.storyboard */; };
		889B87C029D646E600E3DF4E /* Admin.storyboard in Resources */ = {isa = PBXBuildFile; fileRef = 889B87BF29D646E600E3DF4E /* Admin.storyboard */; };
		889B87C229D646FD00E3DF4E /* AdminViewController.swift in Sources */ = {isa = PBXBuildFile; fileRef = 889B87C129D646FD00E3DF4E /* AdminViewController.swift */; };
		88B3D4B629DF1CAE0083838C /* Kingfisher in Frameworks */ = {isa = PBXBuildFile; productRef = 88B3D4B529DF1CAE0083838C /* Kingfisher */; };
		88C6802629E5F23600719CC0 /* ShopMenu.storyboard in Resources */ = {isa = PBXBuildFile; fileRef = 88C6802529E5F23600719CC0 /* ShopMenu.storyboard */; };
		88C6802929E5F61F00719CC0 /* ShopMenuViewController.swift in Sources */ = {isa = PBXBuildFile; fileRef = 88C6802829E5F61F00719CC0 /* ShopMenuViewController.swift */; };
		88C6802B29E5F63200719CC0 /* ShopMenuTableViewCell.swift in Sources */ = {isa = PBXBuildFile; fileRef = 88C6802A29E5F63200719CC0 /* ShopMenuTableViewCell.swift */; };
		88C6802D29E5F7D200719CC0 /* ShopMenuModel.swift in Sources */ = {isa = PBXBuildFile; fileRef = 88C6802C29E5F7D200719CC0 /* ShopMenuModel.swift */; };
		88C6803029E605CD00719CC0 /* ItemAdd.storyboard in Resources */ = {isa = PBXBuildFile; fileRef = 88C6802F29E605CD00719CC0 /* ItemAdd.storyboard */; };
		88C6803329E605E700719CC0 /* ItemAddViewController.swift in Sources */ = {isa = PBXBuildFile; fileRef = 88C6803229E605E700719CC0 /* ItemAddViewController.swift */; };
		88CCB2AA29DF895B00C9F1D8 /* War.storyboard in Resources */ = {isa = PBXBuildFile; fileRef = 88CCB2A929DF895B00C9F1D8 /* War.storyboard */; };
		88CCB2AC29DF898100C9F1D8 /* Hunt.storyboard in Resources */ = {isa = PBXBuildFile; fileRef = 88CCB2AB29DF898100C9F1D8 /* Hunt.storyboard */; };
		88CCB2AF29DF91C900C9F1D8 /* HuntViewController.swift in Sources */ = {isa = PBXBuildFile; fileRef = 88CCB2AE29DF91C900C9F1D8 /* HuntViewController.swift */; };
		88CCB2B129DF93C700C9F1D8 /* HuntCaseViewController.swift in Sources */ = {isa = PBXBuildFile; fileRef = 88CCB2B029DF93C700C9F1D8 /* HuntCaseViewController.swift */; };
		88DAF76929D62E40009B85C6 /* Login.storyboard in Resources */ = {isa = PBXBuildFile; fileRef = 88DAF76829D62E40009B85C6 /* Login.storyboard */; };
		88E508C529D481E400E9E557 /* AppDelegate.swift in Sources */ = {isa = PBXBuildFile; fileRef = 88E508C429D481E400E9E557 /* AppDelegate.swift */; };
		88E508C729D481E400E9E557 /* SceneDelegate.swift in Sources */ = {isa = PBXBuildFile; fileRef = 88E508C629D481E400E9E557 /* SceneDelegate.swift */; };
		88E508C929D481E400E9E557 /* ViewController.swift in Sources */ = {isa = PBXBuildFile; fileRef = 88E508C829D481E400E9E557 /* ViewController.swift */; };
		88E508CC29D481E400E9E557 /* Main.storyboard in Resources */ = {isa = PBXBuildFile; fileRef = 88E508CA29D481E400E9E557 /* Main.storyboard */; };
		88E508CE29D481E600E9E557 /* Assets.xcassets in Resources */ = {isa = PBXBuildFile; fileRef = 88E508CD29D481E600E9E557 /* Assets.xcassets */; };
		88E508D129D481E600E9E557 /* LaunchScreen.storyboard in Resources */ = {isa = PBXBuildFile; fileRef = 88E508CF29D481E600E9E557 /* LaunchScreen.storyboard */; };
		88E508DA29D4836100E9E557 /* Alamofire in Frameworks */ = {isa = PBXBuildFile; productRef = 88E508D929D4836100E9E557 /* Alamofire */; };
		88E508DF29D4855100E9E557 /* LoginModel.swift in Sources */ = {isa = PBXBuildFile; fileRef = 88E508DE29D4855100E9E557 /* LoginModel.swift */; };
		88E508E529D490F900E9E557 /* RegisterModel.swift in Sources */ = {isa = PBXBuildFile; fileRef = 88E508E429D490F900E9E557 /* RegisterModel.swift */; };
		88E508E929D4913200E9E557 /* RegisterViewController.swift in Sources */ = {isa = PBXBuildFile; fileRef = 88E508E829D4913200E9E557 /* RegisterViewController.swift */; };
		88E508EB29D4914300E9E557 /* Register.storyboard in Resources */ = {isa = PBXBuildFile; fileRef = 88E508EA29D4914300E9E557 /* Register.storyboard */; };
		88E508ED29D4916C00E9E557 /* UserProfileModel.swift in Sources */ = {isa = PBXBuildFile; fileRef = 88E508EC29D4916C00E9E557 /* UserProfileModel.swift */; };
		88E508F129D4918100E9E557 /* UserProfileViewController.swift in Sources */ = {isa = PBXBuildFile; fileRef = 88E508F029D4918100E9E557 /* UserProfileViewController.swift */; };
		88F488D629DCA4BB0067834F /* LoginViewController.swift in Sources */ = {isa = PBXBuildFile; fileRef = 88F488D529DCA4BB0067834F /* LoginViewController.swift */; };
		88FD0C5529E848E800C8C152 /* ItemBuyModel.swift in Sources */ = {isa = PBXBuildFile; fileRef = 88FD0C5429E848E800C8C152 /* ItemBuyModel.swift */; };
		88FD0C5729E8550B00C8C152 /* ItemSellModel.swift in Sources */ = {isa = PBXBuildFile; fileRef = 88FD0C5629E8550B00C8C152 /* ItemSellModel.swift */; };
/* End PBXBuildFile section */

/* Begin PBXFileReference section */
		012B0E102A0BFFE10048B8F4 /* RegisterRaceModel.swift */ = {isa = PBXFileReference; lastKnownFileType = sourcecode.swift; path = RegisterRaceModel.swift; sourceTree = "<group>"; };
		01936DD52A05973100780FB3 /* WARViewController.swift */ = {isa = PBXFileReference; lastKnownFileType = sourcecode.swift; path = WARViewController.swift; sourceTree = "<group>"; };
		01936DDA2A05B11200780FB3 /* ChosenWarTypeViewController.swift */ = {isa = PBXFileReference; lastKnownFileType = sourcecode.swift; path = ChosenWarTypeViewController.swift; sourceTree = "<group>"; };
		01936DDC2A05B18900780FB3 /* ChosenWarModel.swift */ = {isa = PBXFileReference; lastKnownFileType = sourcecode.swift; path = ChosenWarModel.swift; sourceTree = "<group>"; };
		88000EA429E555B7008F640F /* ItemListAllModel.swift */ = {isa = PBXFileReference; lastKnownFileType = sourcecode.swift; path = ItemListAllModel.swift; sourceTree = "<group>"; };
		88000EA629E557D1008F640F /* ItemListAllTableViewCell.swift */ = {isa = PBXFileReference; lastKnownFileType = sourcecode.swift; path = ItemListAllTableViewCell.swift; sourceTree = "<group>"; };
		88000EA929E56853008F640F /* itemListAllViewController.swift */ = {isa = PBXFileReference; lastKnownFileType = sourcecode.swift; path = itemListAllViewController.swift; sourceTree = "<group>"; };
		880C567629DEF56400B3BB07 /* InventoryCollectionViewCell.swift */ = {isa = PBXFileReference; lastKnownFileType = sourcecode.swift; path = InventoryCollectionViewCell.swift; sourceTree = "<group>"; };
		881513C329E46EB9001CD5CE /* Mission.storyboard */ = {isa = PBXFileReference; lastKnownFileType = file.storyboard; path = Mission.storyboard; sourceTree = "<group>"; };
		881F3A8A29DDEDB3005579CE /* ProfileSettViewController.swift */ = {isa = PBXFileReference; lastKnownFileType = sourcecode.swift; path = ProfileSettViewController.swift; sourceTree = "<group>"; };
		88525AC029E485F0001CFBBE /* NightMissionViewController.swift */ = {isa = PBXFileReference; lastKnownFileType = sourcecode.swift; path = NightMissionViewController.swift; sourceTree = "<group>"; };
		88525AC229E48DBA001CFBBE /* NightMissionCaseViewController.swift */ = {isa = PBXFileReference; lastKnownFileType = sourcecode.swift; path = NightMissionCaseViewController.swift; sourceTree = "<group>"; };
		8853CE1429DE3F1400A3EE09 /* EnvanterViewController.swift */ = {isa = PBXFileReference; lastKnownFileType = sourcecode.swift; path = EnvanterViewController.swift; sourceTree = "<group>"; };
		8873B36E29E2D20700F4FB89 /* PaperViewController.swift */ = {isa = PBXFileReference; lastKnownFileType = sourcecode.swift; path = PaperViewController.swift; sourceTree = "<group>"; };
		8873B37029E2D20F00F4FB89 /* Paper.storyboard */ = {isa = PBXFileReference; lastKnownFileType = file.storyboard; path = Paper.storyboard; sourceTree = "<group>"; };
		8873B37429E2D4BB00F4FB89 /* myOnBoardign.swift */ = {isa = PBXFileReference; lastKnownFileType = sourcecode.swift; path = myOnBoardign.swift; sourceTree = "<group>"; };
		887EC81C29E756980097D386 /* HUNTERRegisterViewController.swift */ = {isa = PBXFileReference; lastKnownFileType = sourcecode.swift; path = HUNTERRegisterViewController.swift; sourceTree = "<group>"; };
		887EC81E29E75CA30097D386 /* WEREWOLFRegisterViewController.swift */ = {isa = PBXFileReference; lastKnownFileType = sourcecode.swift; path = WEREWOLFRegisterViewController.swift; sourceTree = "<group>"; };
		887EC82029E75CB60097D386 /* VAMPIRERegisterViewController.swift */ = {isa = PBXFileReference; lastKnownFileType = sourcecode.swift; path = VAMPIRERegisterViewController.swift; sourceTree = "<group>"; };
		887EC82229E75CC90097D386 /* WITCHRegisterViewController.swift */ = {isa = PBXFileReference; lastKnownFileType = sourcecode.swift; path = WITCHRegisterViewController.swift; sourceTree = "<group>"; };
		889A838329D729B8005A1C6C /* ALLItem.storyboard */ = {isa = PBXFileReference; lastKnownFileType = file.storyboard; path = ALLItem.storyboard; sourceTree = "<group>"; };
		889B87BF29D646E600E3DF4E /* Admin.storyboard */ = {isa = PBXFileReference; lastKnownFileType = file.storyboard; path = Admin.storyboard; sourceTree = "<group>"; };
		889B87C129D646FD00E3DF4E /* AdminViewController.swift */ = {isa = PBXFileReference; lastKnownFileType = sourcecode.swift; path = AdminViewController.swift; sourceTree = "<group>"; };
		88C6802529E5F23600719CC0 /* ShopMenu.storyboard */ = {isa = PBXFileReference; lastKnownFileType = file.storyboard; path = ShopMenu.storyboard; sourceTree = "<group>"; };
		88C6802829E5F61F00719CC0 /* ShopMenuViewController.swift */ = {isa = PBXFileReference; lastKnownFileType = sourcecode.swift; path = ShopMenuViewController.swift; sourceTree = "<group>"; };
		88C6802A29E5F63200719CC0 /* ShopMenuTableViewCell.swift */ = {isa = PBXFileReference; lastKnownFileType = sourcecode.swift; path = ShopMenuTableViewCell.swift; sourceTree = "<group>"; };
		88C6802C29E5F7D200719CC0 /* ShopMenuModel.swift */ = {isa = PBXFileReference; lastKnownFileType = sourcecode.swift; path = ShopMenuModel.swift; sourceTree = "<group>"; };
		88C6802F29E605CD00719CC0 /* ItemAdd.storyboard */ = {isa = PBXFileReference; lastKnownFileType = file.storyboard; path = ItemAdd.storyboard; sourceTree = "<group>"; };
		88C6803229E605E700719CC0 /* ItemAddViewController.swift */ = {isa = PBXFileReference; lastKnownFileType = sourcecode.swift; path = ItemAddViewController.swift; sourceTree = "<group>"; };
		88CCB2A929DF895B00C9F1D8 /* War.storyboard */ = {isa = PBXFileReference; lastKnownFileType = file.storyboard; path = War.storyboard; sourceTree = "<group>"; };
		88CCB2AB29DF898100C9F1D8 /* Hunt.storyboard */ = {isa = PBXFileReference; lastKnownFileType = file.storyboard; path = Hunt.storyboard; sourceTree = "<group>"; };
		88CCB2AE29DF91C900C9F1D8 /* HuntViewController.swift */ = {isa = PBXFileReference; lastKnownFileType = sourcecode.swift; path = HuntViewController.swift; sourceTree = "<group>"; };
		88CCB2B029DF93C700C9F1D8 /* HuntCaseViewController.swift */ = {isa = PBXFileReference; lastKnownFileType = sourcecode.swift; path = HuntCaseViewController.swift; sourceTree = "<group>"; };
		88DAF76829D62E40009B85C6 /* Login.storyboard */ = {isa = PBXFileReference; lastKnownFileType = file.storyboard; path = Login.storyboard; sourceTree = "<group>"; };
		88E508C129D481E300E9E557 /* wildbite.app */ = {isa = PBXFileReference; explicitFileType = wrapper.application; includeInIndex = 0; path = wildbite.app; sourceTree = BUILT_PRODUCTS_DIR; };
		88E508C429D481E400E9E557 /* AppDelegate.swift */ = {isa = PBXFileReference; lastKnownFileType = sourcecode.swift; path = AppDelegate.swift; sourceTree = "<group>"; };
		88E508C629D481E400E9E557 /* SceneDelegate.swift */ = {isa = PBXFileReference; lastKnownFileType = sourcecode.swift; path = SceneDelegate.swift; sourceTree = "<group>"; };
		88E508C829D481E400E9E557 /* ViewController.swift */ = {isa = PBXFileReference; lastKnownFileType = sourcecode.swift; path = ViewController.swift; sourceTree = "<group>"; };
		88E508CB29D481E400E9E557 /* Base */ = {isa = PBXFileReference; lastKnownFileType = file.storyboard; name = Base; path = Base.lproj/Main.storyboard; sourceTree = "<group>"; };
		88E508CD29D481E600E9E557 /* Assets.xcassets */ = {isa = PBXFileReference; lastKnownFileType = folder.assetcatalog; path = Assets.xcassets; sourceTree = "<group>"; };
		88E508D029D481E600E9E557 /* Base */ = {isa = PBXFileReference; lastKnownFileType = file.storyboard; name = Base; path = Base.lproj/LaunchScreen.storyboard; sourceTree = "<group>"; };
		88E508D229D481E600E9E557 /* Info.plist */ = {isa = PBXFileReference; lastKnownFileType = text.plist.xml; path = Info.plist; sourceTree = "<group>"; };
		88E508DE29D4855100E9E557 /* LoginModel.swift */ = {isa = PBXFileReference; lastKnownFileType = sourcecode.swift; path = LoginModel.swift; sourceTree = "<group>"; };
		88E508E429D490F900E9E557 /* RegisterModel.swift */ = {isa = PBXFileReference; lastKnownFileType = sourcecode.swift; path = RegisterModel.swift; sourceTree = "<group>"; };
		88E508E829D4913200E9E557 /* RegisterViewController.swift */ = {isa = PBXFileReference; lastKnownFileType = sourcecode.swift; path = RegisterViewController.swift; sourceTree = "<group>"; };
		88E508EA29D4914300E9E557 /* Register.storyboard */ = {isa = PBXFileReference; lastKnownFileType = file.storyboard; path = Register.storyboard; sourceTree = "<group>"; };
		88E508EC29D4916C00E9E557 /* UserProfileModel.swift */ = {isa = PBXFileReference; lastKnownFileType = sourcecode.swift; path = UserProfileModel.swift; sourceTree = "<group>"; };
		88E508F029D4918100E9E557 /* UserProfileViewController.swift */ = {isa = PBXFileReference; lastKnownFileType = sourcecode.swift; path = UserProfileViewController.swift; sourceTree = "<group>"; };
		88F488D529DCA4BB0067834F /* LoginViewController.swift */ = {isa = PBXFileReference; lastKnownFileType = sourcecode.swift; path = LoginViewController.swift; sourceTree = "<group>"; };
		88FD0C5429E848E800C8C152 /* ItemBuyModel.swift */ = {isa = PBXFileReference; lastKnownFileType = sourcecode.swift; path = ItemBuyModel.swift; sourceTree = "<group>"; };
		88FD0C5629E8550B00C8C152 /* ItemSellModel.swift */ = {isa = PBXFileReference; lastKnownFileType = sourcecode.swift; path = ItemSellModel.swift; sourceTree = "<group>"; };
/* End PBXFileReference section */

/* Begin PBXFrameworksBuildPhase section */
		88E508BE29D481E300E9E557 /* Frameworks */ = {
			isa = PBXFrameworksBuildPhase;
			buildActionMask = 2147483647;
			files = (
				88B3D4B629DF1CAE0083838C /* Kingfisher in Frameworks */,
				88E508DA29D4836100E9E557 /* Alamofire in Frameworks */,
				8873B36C29E2D1D900F4FB89 /* PaperOnboarding in Frameworks */,
			);
			runOnlyForDeploymentPostprocessing = 0;
		};
/* End PBXFrameworksBuildPhase section */

/* Begin PBXGroup section */
		01936DD42A0596FF00780FB3 /* WAR */ = {
			isa = PBXGroup;
			children = (
				01936DD52A05973100780FB3 /* WARViewController.swift */,
				01936DDA2A05B11200780FB3 /* ChosenWarTypeViewController.swift */,
			);
			path = WAR;
			sourceTree = "<group>";
		};
		88000EA829E5681A008F640F /* SHOP ALL ITEM */ = {
			isa = PBXGroup;
			children = (
				88000EA929E56853008F640F /* itemListAllViewController.swift */,
				88000EA629E557D1008F640F /* ItemListAllTableViewCell.swift */,
			);
			path = "SHOP ALL ITEM";
			sourceTree = "<group>";
		};
		881513C229E46EA7001CD5CE /* NIGHT MISSION */ = {
			isa = PBXGroup;
			children = (
				881513C329E46EB9001CD5CE /* Mission.storyboard */,
			);
			path = "NIGHT MISSION";
			sourceTree = "<group>";
		};
		881F3A8929DDEDA7005579CE /* PROFILE SETTINGS */ = {
			isa = PBXGroup;
			children = (
				881F3A8A29DDEDB3005579CE /* ProfileSettViewController.swift */,
			);
			path = "PROFILE SETTINGS";
			sourceTree = "<group>";
		};
		88525ABE29E485CE001CFBBE /* MISSION */ = {
			isa = PBXGroup;
			children = (
				88525ABF29E485DA001CFBBE /* NIGHT MISSION */,
			);
			path = MISSION;
			sourceTree = "<group>";
		};
		88525ABF29E485DA001CFBBE /* NIGHT MISSION */ = {
			isa = PBXGroup;
			children = (
				88525AC029E485F0001CFBBE /* NightMissionViewController.swift */,
				88525AC229E48DBA001CFBBE /* NightMissionCaseViewController.swift */,
			);
			path = "NIGHT MISSION";
			sourceTree = "<group>";
		};
		8873B36D29E2D1F300F4FB89 /* PAPER */ = {
			isa = PBXGroup;
			children = (
				8873B36E29E2D20700F4FB89 /* PaperViewController.swift */,
				8873B37029E2D20F00F4FB89 /* Paper.storyboard */,
				8873B37429E2D4BB00F4FB89 /* myOnBoardign.swift */,
			);
			path = PAPER;
			sourceTree = "<group>";
		};
		889A838229D729A4005A1C6C /* SHOP ALL ITEM */ = {
			isa = PBXGroup;
			children = (
				889A838329D729B8005A1C6C /* ALLItem.storyboard */,
			);
			path = "SHOP ALL ITEM";
			sourceTree = "<group>";
		};
		889B87B629D6463200E3DF4E /* USER */ = {
			isa = PBXGroup;
			children = (
				88E508F029D4918100E9E557 /* UserProfileViewController.swift */,
			);
			path = USER;
			sourceTree = "<group>";
		};
		889B87B829D6465E00E3DF4E /* REGISTER */ = {
			isa = PBXGroup;
			children = (
				88E508E829D4913200E9E557 /* RegisterViewController.swift */,
				887EC81C29E756980097D386 /* HUNTERRegisterViewController.swift */,
				887EC81E29E75CA30097D386 /* WEREWOLFRegisterViewController.swift */,
				887EC82029E75CB60097D386 /* VAMPIRERegisterViewController.swift */,
				887EC82229E75CC90097D386 /* WITCHRegisterViewController.swift */,
			);
			path = REGISTER;
			sourceTree = "<group>";
		};
		889B87B929D6467600E3DF4E /* MAIN */ = {
			isa = PBXGroup;
			children = (
				88E508C829D481E400E9E557 /* ViewController.swift */,
			);
			path = MAIN;
			sourceTree = "<group>";
		};
		889B87BA29D6468600E3DF4E /* ADMIN */ = {
			isa = PBXGroup;
			children = (
				889B87C129D646FD00E3DF4E /* AdminViewController.swift */,
			);
			path = ADMIN;
			sourceTree = "<group>";
		};
		889B87BB29D646A800E3DF4E /* USER LOGIN */ = {
			isa = PBXGroup;
			children = (
				88DAF76829D62E40009B85C6 /* Login.storyboard */,
			);
			path = "USER LOGIN";
			sourceTree = "<group>";
		};
		889B87BC29D646AD00E3DF4E /* USER REGISTER */ = {
			isa = PBXGroup;
			children = (
				88E508EA29D4914300E9E557 /* Register.storyboard */,
			);
			path = "USER REGISTER";
			sourceTree = "<group>";
		};
		889B87BD29D646B500E3DF4E /* MAIN */ = {
			isa = PBXGroup;
			children = (
				88E508CA29D481E400E9E557 /* Main.storyboard */,
			);
			path = MAIN;
			sourceTree = "<group>";
		};
		889B87BE29D646BC00E3DF4E /* ADMIN */ = {
			isa = PBXGroup;
			children = (
				889B87BF29D646E600E3DF4E /* Admin.storyboard */,
			);
			path = ADMIN;
			sourceTree = "<group>";
		};
		88A4BCFE29DE2D1E006378BB /* INVENTORY */ = {
			isa = PBXGroup;
			children = (
				8853CE1429DE3F1400A3EE09 /* EnvanterViewController.swift */,
				880C567629DEF56400B3BB07 /* InventoryCollectionViewCell.swift */,
			);
			path = INVENTORY;
			sourceTree = "<group>";
		};
		88C6802229E5EFA300719CC0 /* SHOP MENU */ = {
			isa = PBXGroup;
			children = (
				88C6802529E5F23600719CC0 /* ShopMenu.storyboard */,
			);
			path = "SHOP MENU";
			sourceTree = "<group>";
		};
		88C6802729E5F5F800719CC0 /* SHOP MENU */ = {
			isa = PBXGroup;
			children = (
				88C6802829E5F61F00719CC0 /* ShopMenuViewController.swift */,
				88C6802A29E5F63200719CC0 /* ShopMenuTableViewCell.swift */,
			);
			path = "SHOP MENU";
			sourceTree = "<group>";
		};
		88C6802E29E6059F00719CC0 /* SHOP ITEM ADD */ = {
			isa = PBXGroup;
			children = (
				88C6802F29E605CD00719CC0 /* ItemAdd.storyboard */,
			);
			path = "SHOP ITEM ADD";
			sourceTree = "<group>";
		};
		88C6803129E605D400719CC0 /* ITEM ADD */ = {
			isa = PBXGroup;
			children = (
				88C6803229E605E700719CC0 /* ItemAddViewController.swift */,
			);
			path = "ITEM ADD";
			sourceTree = "<group>";
		};
		88CCB2A729DF891300C9F1D8 /* WAR */ = {
			isa = PBXGroup;
			children = (
				88CCB2A929DF895B00C9F1D8 /* War.storyboard */,
			);
			path = WAR;
			sourceTree = "<group>";
		};
		88CCB2A829DF894600C9F1D8 /* MONSTER HUNT */ = {
			isa = PBXGroup;
			children = (
				88CCB2AB29DF898100C9F1D8 /* Hunt.storyboard */,
			);
			path = "MONSTER HUNT";
			sourceTree = "<group>";
		};
		88CCB2AD29DF91B100C9F1D8 /* HUNT */ = {
			isa = PBXGroup;
			children = (
				88CCB2AE29DF91C900C9F1D8 /* HuntViewController.swift */,
				88CCB2B029DF93C700C9F1D8 /* HuntCaseViewController.swift */,
			);
			path = HUNT;
			sourceTree = "<group>";
		};
		88E508B829D481E300E9E557 = {
			isa = PBXGroup;
			children = (
				88E508C229D481E300E9E557 /* Products */,
				88E508C329D481E400E9E557 /* wildbite */,
			);
			sourceTree = "<group>";
		};
		88E508C229D481E300E9E557 /* Products */ = {
			isa = PBXGroup;
			children = (
				88E508C129D481E300E9E557 /* wildbite.app */,
			);
			name = Products;
			sourceTree = "<group>";
		};
		88E508C329D481E400E9E557 /* wildbite */ = {
			isa = PBXGroup;
			children = (
				88E508DB29D484E900E9E557 /* Model */,
				88E508DC29D4853800E9E557 /* View */,
				88E508DD29D4853D00E9E557 /* Controller */,
				8873B36D29E2D1F300F4FB89 /* PAPER */,
				88E508C429D481E400E9E557 /* AppDelegate.swift */,
				88E508C629D481E400E9E557 /* SceneDelegate.swift */,
				88E508CD29D481E600E9E557 /* Assets.xcassets */,
				88E508CF29D481E600E9E557 /* LaunchScreen.storyboard */,
				88E508D229D481E600E9E557 /* Info.plist */,
			);
			path = wildbite;
			sourceTree = "<group>";
		};
		88E508DB29D484E900E9E557 /* Model */ = {
			isa = PBXGroup;
			children = (
				88E508DE29D4855100E9E557 /* LoginModel.swift */,
				88E508E429D490F900E9E557 /* RegisterModel.swift */,
				88E508EC29D4916C00E9E557 /* UserProfileModel.swift */,
				88000EA429E555B7008F640F /* ItemListAllModel.swift */,
				88C6802C29E5F7D200719CC0 /* ShopMenuModel.swift */,
				88FD0C5429E848E800C8C152 /* ItemBuyModel.swift */,
				88FD0C5629E8550B00C8C152 /* ItemSellModel.swift */,
				01936DDC2A05B18900780FB3 /* ChosenWarModel.swift */,
				012B0E102A0BFFE10048B8F4 /* RegisterRaceModel.swift */,
			);
			path = Model;
			sourceTree = "<group>";
		};
		88E508DC29D4853800E9E557 /* View */ = {
			isa = PBXGroup;
			children = (
				88C6802E29E6059F00719CC0 /* SHOP ITEM ADD */,
				889B87BE29D646BC00E3DF4E /* ADMIN */,
				889B87BD29D646B500E3DF4E /* MAIN */,
				88CCB2A829DF894600C9F1D8 /* MONSTER HUNT */,
				881513C229E46EA7001CD5CE /* NIGHT MISSION */,
				889A838229D729A4005A1C6C /* SHOP ALL ITEM */,
				88C6802229E5EFA300719CC0 /* SHOP MENU */,
				889B87BB29D646A800E3DF4E /* USER LOGIN */,
				889B87BC29D646AD00E3DF4E /* USER REGISTER */,
				88CCB2A729DF891300C9F1D8 /* WAR */,
			);
			path = View;
			sourceTree = "<group>";
		};
		88E508DD29D4853D00E9E557 /* Controller */ = {
			isa = PBXGroup;
			children = (
				01936DD42A0596FF00780FB3 /* WAR */,
				88C6803129E605D400719CC0 /* ITEM ADD */,
				889B87BA29D6468600E3DF4E /* ADMIN */,
				88CCB2AD29DF91B100C9F1D8 /* HUNT */,
				88A4BCFE29DE2D1E006378BB /* INVENTORY */,
				88F488D429DCA4AB0067834F /* LOGIN */,
				889B87B929D6467600E3DF4E /* MAIN */,
				88525ABE29E485CE001CFBBE /* MISSION */,
				881F3A8929DDEDA7005579CE /* PROFILE SETTINGS */,
				889B87B829D6465E00E3DF4E /* REGISTER */,
				88000EA829E5681A008F640F /* SHOP ALL ITEM */,
				88C6802729E5F5F800719CC0 /* SHOP MENU */,
				889B87B629D6463200E3DF4E /* USER */,
			);
			path = Controller;
			sourceTree = "<group>";
		};
		88F488D429DCA4AB0067834F /* LOGIN */ = {
			isa = PBXGroup;
			children = (
				88F488D529DCA4BB0067834F /* LoginViewController.swift */,
			);
			path = LOGIN;
			sourceTree = "<group>";
		};
/* End PBXGroup section */

/* Begin PBXNativeTarget section */
		88E508C029D481E300E9E557 /* wildbite */ = {
			isa = PBXNativeTarget;
			buildConfigurationList = 88E508D529D481E600E9E557 /* Build configuration list for PBXNativeTarget "wildbite" */;
			buildPhases = (
				88E508BD29D481E300E9E557 /* Sources */,
				88E508BE29D481E300E9E557 /* Frameworks */,
				88E508BF29D481E300E9E557 /* Resources */,
			);
			buildRules = (
			);
			dependencies = (
			);
			name = wildbite;
			packageProductDependencies = (
				88E508D929D4836100E9E557 /* Alamofire */,
				88B3D4B529DF1CAE0083838C /* Kingfisher */,
				8873B36B29E2D1D900F4FB89 /* PaperOnboarding */,
			);
			productName = wildbite;
			productReference = 88E508C129D481E300E9E557 /* wildbite.app */;
			productType = "com.apple.product-type.application";
		};
/* End PBXNativeTarget section */

/* Begin PBXProject section */
		88E508B929D481E300E9E557 /* Project object */ = {
			isa = PBXProject;
			attributes = {
				BuildIndependentTargetsInParallel = 1;
				LastSwiftUpdateCheck = 1420;
				LastUpgradeCheck = 1420;
				TargetAttributes = {
					88E508C029D481E300E9E557 = {
						CreatedOnToolsVersion = 14.2;
					};
				};
			};
			buildConfigurationList = 88E508BC29D481E300E9E557 /* Build configuration list for PBXProject "wildbite" */;
			compatibilityVersion = "Xcode 14.0";
			developmentRegion = en;
			hasScannedForEncodings = 0;
			knownRegions = (
				en,
				Base,
			);
			mainGroup = 88E508B829D481E300E9E557;
			packageReferences = (
				88E508D829D4836100E9E557 /* XCRemoteSwiftPackageReference "Alamofire" */,
				88B3D4B429DF1CAE0083838C /* XCRemoteSwiftPackageReference "Kingfisher" */,
				8873B36A29E2D1D900F4FB89 /* XCRemoteSwiftPackageReference "paper-onboarding" */,
			);
			productRefGroup = 88E508C229D481E300E9E557 /* Products */;
			projectDirPath = "";
			projectRoot = "";
			targets = (
				88E508C029D481E300E9E557 /* wildbite */,
			);
		};
/* End PBXProject section */

/* Begin PBXResourcesBuildPhase section */
		88E508BF29D481E300E9E557 /* Resources */ = {
			isa = PBXResourcesBuildPhase;
			buildActionMask = 2147483647;
			files = (
				88CCB2AC29DF898100C9F1D8 /* Hunt.storyboard in Resources */,
				88E508D129D481E600E9E557 /* LaunchScreen.storyboard in Resources */,
				88E508CE29D481E600E9E557 /* Assets.xcassets in Resources */,
				881513C429E46EB9001CD5CE /* Mission.storyboard in Resources */,
				88C6803029E605CD00719CC0 /* ItemAdd.storyboard in Resources */,
				8873B37129E2D20F00F4FB89 /* Paper.storyboard in Resources */,
				889A838429D729B8005A1C6C /* ALLItem.storyboard in Resources */,
				88DAF76929D62E40009B85C6 /* Login.storyboard in Resources */,
				88E508CC29D481E400E9E557 /* Main.storyboard in Resources */,
				889B87C029D646E600E3DF4E /* Admin.storyboard in Resources */,
				88C6802629E5F23600719CC0 /* ShopMenu.storyboard in Resources */,
				88E508EB29D4914300E9E557 /* Register.storyboard in Resources */,
				88CCB2AA29DF895B00C9F1D8 /* War.storyboard in Resources */,
			);
			runOnlyForDeploymentPostprocessing = 0;
		};
/* End PBXResourcesBuildPhase section */

/* Begin PBXSourcesBuildPhase section */
		88E508BD29D481E300E9E557 /* Sources */ = {
			isa = PBXSourcesBuildPhase;
			buildActionMask = 2147483647;
			files = (
				88000EA729E557D1008F640F /* ItemListAllTableViewCell.swift in Sources */,
				887EC82129E75CB60097D386 /* VAMPIRERegisterViewController.swift in Sources */,
				8873B36F29E2D20700F4FB89 /* PaperViewController.swift in Sources */,
				88525AC329E48DBA001CFBBE /* NightMissionCaseViewController.swift in Sources */,
				88CCB2B129DF93C700C9F1D8 /* HuntCaseViewController.swift in Sources */,
				88C6802929E5F61F00719CC0 /* ShopMenuViewController.swift in Sources */,
				88000EA529E555B7008F640F /* ItemListAllModel.swift in Sources */,
				88E508C929D481E400E9E557 /* ViewController.swift in Sources */,
				8873B37529E2D4BB00F4FB89 /* myOnBoardign.swift in Sources */,
				88C6802B29E5F63200719CC0 /* ShopMenuTableViewCell.swift in Sources */,
				88525AC129E485F0001CFBBE /* NightMissionViewController.swift in Sources */,
				01936DDD2A05B18900780FB3 /* ChosenWarModel.swift in Sources */,
				88E508F129D4918100E9E557 /* UserProfileViewController.swift in Sources */,
				880C567729DEF56400B3BB07 /* InventoryCollectionViewCell.swift in Sources */,
				01936DDB2A05B11200780FB3 /* ChosenWarTypeViewController.swift in Sources */,
				88C6802D29E5F7D200719CC0 /* ShopMenuModel.swift in Sources */,
				88C6803329E605E700719CC0 /* ItemAddViewController.swift in Sources */,
				88E508E529D490F900E9E557 /* RegisterModel.swift in Sources */,
				88E508ED29D4916C00E9E557 /* UserProfileModel.swift in Sources */,
				88E508DF29D4855100E9E557 /* LoginModel.swift in Sources */,
				8853CE1529DE3F1400A3EE09 /* EnvanterViewController.swift in Sources */,
				88FD0C5529E848E800C8C152 /* ItemBuyModel.swift in Sources */,
				887EC81D29E756980097D386 /* HUNTERRegisterViewController.swift in Sources */,
				887EC82329E75CC90097D386 /* WITCHRegisterViewController.swift in Sources */,
				88E508E929D4913200E9E557 /* RegisterViewController.swift in Sources */,
				88E508C529D481E400E9E557 /* AppDelegate.swift in Sources */,
				889B87C229D646FD00E3DF4E /* AdminViewController.swift in Sources */,
				012B0E112A0BFFE10048B8F4 /* RegisterRaceModel.swift in Sources */,
				88CCB2AF29DF91C900C9F1D8 /* HuntViewController.swift in Sources */,
				887EC81F29E75CA30097D386 /* WEREWOLFRegisterViewController.swift in Sources */,
				88000EAA29E56853008F640F /* itemListAllViewController.swift in Sources */,
				88E508C729D481E400E9E557 /* SceneDelegate.swift in Sources */,
				01936DD62A05973100780FB3 /* WARViewController.swift in Sources */,
				88F488D629DCA4BB0067834F /* LoginViewController.swift in Sources */,
				88FD0C5729E8550B00C8C152 /* ItemSellModel.swift in Sources */,
				881F3A8B29DDEDB3005579CE /* ProfileSettViewController.swift in Sources */,
			);
			runOnlyForDeploymentPostprocessing = 0;
		};
/* End PBXSourcesBuildPhase section */

/* Begin PBXVariantGroup section */
		88E508CA29D481E400E9E557 /* Main.storyboard */ = {
			isa = PBXVariantGroup;
			children = (
				88E508CB29D481E400E9E557 /* Base */,
			);
			name = Main.storyboard;
			sourceTree = "<group>";
		};
		88E508CF29D481E600E9E557 /* LaunchScreen.storyboard */ = {
			isa = PBXVariantGroup;
			children = (
				88E508D029D481E600E9E557 /* Base */,
			);
			name = LaunchScreen.storyboard;
			sourceTree = "<group>";
		};
/* End PBXVariantGroup section */

/* Begin XCBuildConfiguration section */
		88E508D329D481E600E9E557 /* Debug */ = {
			isa = XCBuildConfiguration;
			buildSettings = {
				ALWAYS_SEARCH_USER_PATHS = NO;
				CLANG_ANALYZER_NONNULL = YES;
				CLANG_ANALYZER_NUMBER_OBJECT_CONVERSION = YES_AGGRESSIVE;
				CLANG_CXX_LANGUAGE_STANDARD = "gnu++20";
				CLANG_ENABLE_MODULES = YES;
				CLANG_ENABLE_OBJC_ARC = YES;
				CLANG_ENABLE_OBJC_WEAK = YES;
				CLANG_WARN_BLOCK_CAPTURE_AUTORELEASING = YES;
				CLANG_WARN_BOOL_CONVERSION = YES;
				CLANG_WARN_COMMA = YES;
				CLANG_WARN_CONSTANT_CONVERSION = YES;
				CLANG_WARN_DEPRECATED_OBJC_IMPLEMENTATIONS = YES;
				CLANG_WARN_DIRECT_OBJC_ISA_USAGE = YES_ERROR;
				CLANG_WARN_DOCUMENTATION_COMMENTS = YES;
				CLANG_WARN_EMPTY_BODY = YES;
				CLANG_WARN_ENUM_CONVERSION = YES;
				CLANG_WARN_INFINITE_RECURSION = YES;
				CLANG_WARN_INT_CONVERSION = YES;
				CLANG_WARN_NON_LITERAL_NULL_CONVERSION = YES;
				CLANG_WARN_OBJC_IMPLICIT_RETAIN_SELF = YES;
				CLANG_WARN_OBJC_LITERAL_CONVERSION = YES;
				CLANG_WARN_OBJC_ROOT_CLASS = YES_ERROR;
				CLANG_WARN_QUOTED_INCLUDE_IN_FRAMEWORK_HEADER = YES;
				CLANG_WARN_RANGE_LOOP_ANALYSIS = YES;
				CLANG_WARN_STRICT_PROTOTYPES = YES;
				CLANG_WARN_SUSPICIOUS_MOVE = YES;
				CLANG_WARN_UNGUARDED_AVAILABILITY = YES_AGGRESSIVE;
				CLANG_WARN_UNREACHABLE_CODE = YES;
				CLANG_WARN__DUPLICATE_METHOD_MATCH = YES;
				COPY_PHASE_STRIP = NO;
				DEBUG_INFORMATION_FORMAT = dwarf;
				ENABLE_STRICT_OBJC_MSGSEND = YES;
				ENABLE_TESTABILITY = YES;
				GCC_C_LANGUAGE_STANDARD = gnu11;
				GCC_DYNAMIC_NO_PIC = NO;
				GCC_NO_COMMON_BLOCKS = YES;
				GCC_OPTIMIZATION_LEVEL = 0;
				GCC_PREPROCESSOR_DEFINITIONS = (
					"DEBUG=1",
					"$(inherited)",
				);
				GCC_WARN_64_TO_32_BIT_CONVERSION = YES;
				GCC_WARN_ABOUT_RETURN_TYPE = YES_ERROR;
				GCC_WARN_UNDECLARED_SELECTOR = YES;
				GCC_WARN_UNINITIALIZED_AUTOS = YES_AGGRESSIVE;
				GCC_WARN_UNUSED_FUNCTION = YES;
				GCC_WARN_UNUSED_VARIABLE = YES;
				IPHONEOS_DEPLOYMENT_TARGET = 16.2;
				MTL_ENABLE_DEBUG_INFO = INCLUDE_SOURCE;
				MTL_FAST_MATH = YES;
				ONLY_ACTIVE_ARCH = YES;
				SDKROOT = iphoneos;
				SWIFT_ACTIVE_COMPILATION_CONDITIONS = DEBUG;
				SWIFT_OPTIMIZATION_LEVEL = "-Onone";
			};
			name = Debug;
		};
		88E508D429D481E600E9E557 /* Release */ = {
			isa = XCBuildConfiguration;
			buildSettings = {
				ALWAYS_SEARCH_USER_PATHS = NO;
				CLANG_ANALYZER_NONNULL = YES;
				CLANG_ANALYZER_NUMBER_OBJECT_CONVERSION = YES_AGGRESSIVE;
				CLANG_CXX_LANGUAGE_STANDARD = "gnu++20";
				CLANG_ENABLE_MODULES = YES;
				CLANG_ENABLE_OBJC_ARC = YES;
				CLANG_ENABLE_OBJC_WEAK = YES;
				CLANG_WARN_BLOCK_CAPTURE_AUTORELEASING = YES;
				CLANG_WARN_BOOL_CONVERSION = YES;
				CLANG_WARN_COMMA = YES;
				CLANG_WARN_CONSTANT_CONVERSION = YES;
				CLANG_WARN_DEPRECATED_OBJC_IMPLEMENTATIONS = YES;
				CLANG_WARN_DIRECT_OBJC_ISA_USAGE = YES_ERROR;
				CLANG_WARN_DOCUMENTATION_COMMENTS = YES;
				CLANG_WARN_EMPTY_BODY = YES;
				CLANG_WARN_ENUM_CONVERSION = YES;
				CLANG_WARN_INFINITE_RECURSION = YES;
				CLANG_WARN_INT_CONVERSION = YES;
				CLANG_WARN_NON_LITERAL_NULL_CONVERSION = YES;
				CLANG_WARN_OBJC_IMPLICIT_RETAIN_SELF = YES;
				CLANG_WARN_OBJC_LITERAL_CONVERSION = YES;
				CLANG_WARN_OBJC_ROOT_CLASS = YES_ERROR;
				CLANG_WARN_QUOTED_INCLUDE_IN_FRAMEWORK_HEADER = YES;
				CLANG_WARN_RANGE_LOOP_ANALYSIS = YES;
				CLANG_WARN_STRICT_PROTOTYPES = YES;
				CLANG_WARN_SUSPICIOUS_MOVE = YES;
				CLANG_WARN_UNGUARDED_AVAILABILITY = YES_AGGRESSIVE;
				CLANG_WARN_UNREACHABLE_CODE = YES;
				CLANG_WARN__DUPLICATE_METHOD_MATCH = YES;
				COPY_PHASE_STRIP = NO;
				DEBUG_INFORMATION_FORMAT = "dwarf-with-dsym";
				ENABLE_NS_ASSERTIONS = NO;
				ENABLE_STRICT_OBJC_MSGSEND = YES;
				GCC_C_LANGUAGE_STANDARD = gnu11;
				GCC_NO_COMMON_BLOCKS = YES;
				GCC_WARN_64_TO_32_BIT_CONVERSION = YES;
				GCC_WARN_ABOUT_RETURN_TYPE = YES_ERROR;
				GCC_WARN_UNDECLARED_SELECTOR = YES;
				GCC_WARN_UNINITIALIZED_AUTOS = YES_AGGRESSIVE;
				GCC_WARN_UNUSED_FUNCTION = YES;
				GCC_WARN_UNUSED_VARIABLE = YES;
				IPHONEOS_DEPLOYMENT_TARGET = 16.2;
				MTL_ENABLE_DEBUG_INFO = NO;
				MTL_FAST_MATH = YES;
				SDKROOT = iphoneos;
				SWIFT_COMPILATION_MODE = wholemodule;
				SWIFT_OPTIMIZATION_LEVEL = "-O";
				VALIDATE_PRODUCT = YES;
			};
			name = Release;
		};
		88E508D629D481E600E9E557 /* Debug */ = {
			isa = XCBuildConfiguration;
			buildSettings = {
				ASSETCATALOG_COMPILER_APPICON_NAME = AppIcon;
				ASSETCATALOG_COMPILER_GLOBAL_ACCENT_COLOR_NAME = AccentColor;
				ASSETCATALOG_COMPILER_INCLUDE_ALL_APPICON_ASSETS = YES;
				CODE_SIGN_STYLE = Automatic;
				CURRENT_PROJECT_VERSION = 1;
				DEVELOPMENT_TEAM = D2T6AR24JC;
				GENERATE_INFOPLIST_FILE = YES;
				INFOPLIST_FILE = wildbite/Info.plist;
				INFOPLIST_KEY_CFBundleDisplayName = wildbite;
				INFOPLIST_KEY_LSApplicationCategoryType = "public.app-category.role-playing-games";
				INFOPLIST_KEY_UIApplicationSupportsIndirectInputEvents = YES;
				INFOPLIST_KEY_UILaunchStoryboardName = LaunchScreen.storyboard;
				INFOPLIST_KEY_UIMainStoryboardFile = Main;
				INFOPLIST_KEY_UISupportedInterfaceOrientations = UIInterfaceOrientationPortrait;
				IPHONEOS_DEPLOYMENT_TARGET = 15.0;
				LD_RUNPATH_SEARCH_PATHS = (
					"$(inherited)",
					"@executable_path/Frameworks",
				);
				MARKETING_VERSION = 1.0;
				PRODUCT_BUNDLE_IDENTIFIER = yunusgunduz.wildbite;
				PRODUCT_NAME = "$(TARGET_NAME)";
				SUPPORTED_PLATFORMS = "iphoneos iphonesimulator";
				SUPPORTS_MACCATALYST = NO;
				SUPPORTS_MAC_DESIGNED_FOR_IPHONE_IPAD = NO;
				SWIFT_EMIT_LOC_STRINGS = YES;
				SWIFT_VERSION = 5.0;
				TARGETED_DEVICE_FAMILY = 1;
			};
			name = Debug;
		};
		88E508D729D481E600E9E557 /* Release */ = {
			isa = XCBuildConfiguration;
			buildSettings = {
				ASSETCATALOG_COMPILER_APPICON_NAME = AppIcon;
				ASSETCATALOG_COMPILER_GLOBAL_ACCENT_COLOR_NAME = AccentColor;
				ASSETCATALOG_COMPILER_INCLUDE_ALL_APPICON_ASSETS = YES;
				CODE_SIGN_STYLE = Automatic;
				CURRENT_PROJECT_VERSION = 1;
				DEVELOPMENT_TEAM = D2T6AR24JC;
				GENERATE_INFOPLIST_FILE = YES;
				INFOPLIST_FILE = wildbite/Info.plist;
				INFOPLIST_KEY_CFBundleDisplayName = wildbite;
				INFOPLIST_KEY_LSApplicationCategoryType = "public.app-category.role-playing-games";
				INFOPLIST_KEY_UIApplicationSupportsIndirectInputEvents = YES;
				INFOPLIST_KEY_UILaunchStoryboardName = LaunchScreen.storyboard;
				INFOPLIST_KEY_UIMainStoryboardFile = Main;
				INFOPLIST_KEY_UISupportedInterfaceOrientations = UIInterfaceOrientationPortrait;
				IPHONEOS_DEPLOYMENT_TARGET = 15.0;
				LD_RUNPATH_SEARCH_PATHS = (
					"$(inherited)",
					"@executable_path/Frameworks",
				);
				MARKETING_VERSION = 1.0;
				PRODUCT_BUNDLE_IDENTIFIER = yunusgunduz.wildbite;
				PRODUCT_NAME = "$(TARGET_NAME)";
				SUPPORTED_PLATFORMS = "iphoneos iphonesimulator";
				SUPPORTS_MACCATALYST = NO;
				SUPPORTS_MAC_DESIGNED_FOR_IPHONE_IPAD = NO;
				SWIFT_EMIT_LOC_STRINGS = YES;
				SWIFT_VERSION = 5.0;
				TARGETED_DEVICE_FAMILY = 1;
			};
			name = Release;
		};
/* End XCBuildConfiguration section */

/* Begin XCConfigurationList section */
		88E508BC29D481E300E9E557 /* Build configuration list for PBXProject "wildbite" */ = {
			isa = XCConfigurationList;
			buildConfigurations = (
				88E508D329D481E600E9E557 /* Debug */,
				88E508D429D481E600E9E557 /* Release */,
			);
			defaultConfigurationIsVisible = 0;
			defaultConfigurationName = Release;
		};
		88E508D529D481E600E9E557 /* Build configuration list for PBXNativeTarget "wildbite" */ = {
			isa = XCConfigurationList;
			buildConfigurations = (
				88E508D629D481E600E9E557 /* Debug */,
				88E508D729D481E600E9E557 /* Release */,
			);
			defaultConfigurationIsVisible = 0;
			defaultConfigurationName = Release;
		};
/* End XCConfigurationList section */

/* Begin XCRemoteSwiftPackageReference section */
		8873B36A29E2D1D900F4FB89 /* XCRemoteSwiftPackageReference "paper-onboarding" */ = {
			isa = XCRemoteSwiftPackageReference;
			repositoryURL = "https://github.com/Ramotion/paper-onboarding.git";
			requirement = {
				kind = upToNextMajorVersion;
				minimumVersion = 6.0.0;
			};
		};
		88B3D4B429DF1CAE0083838C /* XCRemoteSwiftPackageReference "Kingfisher" */ = {
			isa = XCRemoteSwiftPackageReference;
			repositoryURL = "https://github.com/onevcat/Kingfisher";
			requirement = {
				kind = upToNextMajorVersion;
				minimumVersion = 7.0.0;
			};
		};
		88E508D829D4836100E9E557 /* XCRemoteSwiftPackageReference "Alamofire" */ = {
			isa = XCRemoteSwiftPackageReference;
			repositoryURL = "https://github.com/Alamofire/Alamofire.git";
			requirement = {
				branch = master;
				kind = branch;
			};
		};
/* End XCRemoteSwiftPackageReference section */

/* Begin XCSwiftPackageProductDependency section */
		8873B36B29E2D1D900F4FB89 /* PaperOnboarding */ = {
			isa = XCSwiftPackageProductDependency;
			package = 8873B36A29E2D1D900F4FB89 /* XCRemoteSwiftPackageReference "paper-onboarding" */;
			productName = PaperOnboarding;
		};
		88B3D4B529DF1CAE0083838C /* Kingfisher */ = {
			isa = XCSwiftPackageProductDependency;
			package = 88B3D4B429DF1CAE0083838C /* XCRemoteSwiftPackageReference "Kingfisher" */;
			productName = Kingfisher;
		};
		88E508D929D4836100E9E557 /* Alamofire */ = {
			isa = XCSwiftPackageProductDependency;
			package = 88E508D829D4836100E9E557 /* XCRemoteSwiftPackageReference "Alamofire" */;
			productName = Alamofire;
		};
/* End XCSwiftPackageProductDependency section */
	};
	rootObject = 88E508B929D481E300E9E557 /* Project object */;
}
